
Microsoft Visual Studio Solution File, Format Version 12.00
# Visual Studio Version 17
VisualStudioVersion = 17.0.31903.59
MinimumVisualStudioVersion = 10.0.40219.1
Project("{2150E333-8FDC-42A3-9474-1A3956D46DE8}") = "src", "src", "{16D0535B-25EE-4670-BC68-DCE904C33FF1}"
EndProject
Project("{FAE04EC0-301F-11D3-BF4B-00C04F79EFBC}") = "Colosoft.Mediator.UnitOfWork", "src\Colosoft.Mediator.UnitOfWork\Colosoft.Mediator.UnitOfWork.csproj", "{9F7A5322-2249-4D7B-9016-8F6E48A28679}"
EndProject
Global
	GlobalSection(SolutionConfigurationPlatforms) = preSolution
		Debug|Any CPU = Debug|Any CPU
		Release|Any CPU = Release|Any CPU
	EndGlobalSection
	GlobalSection(ProjectConfigurationPlatforms) = postSolution
		{9F7A5322-2249-4D7B-9016-8F6E48A28679}.Debug|Any CPU.ActiveCfg = Debug|Any CPU
		{9F7A5322-2249-4D7B-9016-8F6E48A28679}.Debug|Any CPU.Build.0 = Debug|Any CPU
		{9F7A5322-2249-4D7B-9016-8F6E48A28679}.Release|Any CPU.ActiveCfg = Release|Any CPU
		{9F7A5322-2249-4D7B-9016-8F6E48A28679}.Release|Any CPU.Build.0 = Release|Any CPU
	EndGlobalSection
	GlobalSection(SolutionProperties) = preSolution
		HideSolutionNode = FALSE
	EndGlobalSection
	GlobalSection(NestedProjects) = preSolution
		{9F7A5322-2249-4D7B-9016-8F6E48A28679} = {16D0535B-25EE-4670-BC68-DCE904C33FF1}
	EndGlobalSection
	GlobalSection(ExtensibilityGlobals) = postSolution
		SolutionGuid = {F97A06C0-5C3F-4A34-97EB-A6B2E9E1F98E}
	EndGlobalSection
EndGlobal
